
Microsoft Visual Studio Solution File, Format Version 12.00
# Visual Studio Version 17
VisualStudioVersion = 17.14.36429.23 d17.14
MinimumVisualStudioVersion = 10.0.40219.1
Project("{FAE04EC0-301F-11D3-BF4B-00C04F79EFBC}") = "Painel_Admin", "Painel_Admin.csproj", "{134A1E45-3FC7-46FE-8281-9AC1DD095302}"
EndProject
Global
	GlobalSection(SolutionConfigurationPlatforms) = preSolution
		Debug|Any CPU = Debug|Any CPU
		Release|Any CPU = Release|Any CPU
	EndGlobalSection
	GlobalSection(ProjectConfigurationPlatforms) = postSolution
		{134A1E45-3FC7-46FE-8281-9AC1DD095302}.Debug|Any CPU.ActiveCfg = Debug|Any CPU
		{134A1E45-3FC7-46FE-8281-9AC1DD095302}.Debug|Any CPU.Build.0 = Debug|Any CPU
		{134A1E45-3FC7-46FE-8281-9AC1DD095302}.Release|Any CPU.ActiveCfg = Release|Any CPU
		{134A1E45-3FC7-46FE-8281-9AC1DD095302}.Release|Any CPU.Build.0 = Release|Any CPU
	EndGlobalSection
	GlobalSection(SolutionProperties) = preSolution
		HideSolutionNode = FALSE
	EndGlobalSection
	GlobalSection(ExtensibilityGlobals) = postSolution
		SolutionGuid = {96F7C8AB-19F5-40B0-BE98-D31446AA8104}
	EndGlobalSection
EndGlobal
